
Microsoft Visual Studio Solution File, Format Version 12.00
# Visual Studio 2013
VisualStudioVersion = 12.0.30501.0
MinimumVisualStudioVersion = 10.0.40219.1
Project("{FAE04EC0-301F-11D3-BF4B-00C04F79EFBC}") = "ResxToJson", "ResxToJson\ResxToJson.csproj", "{B51276B7-FE89-4B05-ACC3-32A74817593A}"
EndProject
Project("{FAE04EC0-301F-11D3-BF4B-00C04F79EFBC}") = "ResxToJson.Cli", "ResxToJson.Cli\ResxToJson.Cli.csproj", "{46DE617B-65FC-460C-8F0D-B75B91D83F44}"
EndProject
Project("{2150E333-8FDC-42A3-9474-1A3956D46DE8}") = ".nuget", ".nuget", "{6AEC3C9D-B7A9-4564-A416-5BDC9579D491}"
	ProjectSection(SolutionItems) = preProject
		.nuget\NuGet.Config = .nuget\NuGet.Config
		.nuget\NuGet.exe = .nuget\NuGet.exe
		.nuget\NuGet.targets = .nuget\NuGet.targets
	EndProjectSection
EndProject
Global
	GlobalSection(SolutionConfigurationPlatforms) = preSolution
		Debug|Any CPU = Debug|Any CPU
		Release|Any CPU = Release|Any CPU
	EndGlobalSection
	GlobalSection(ProjectConfigurationPlatforms) = postSolution
		{B51276B7-FE89-4B05-ACC3-32A74817593A}.Debug|Any CPU.ActiveCfg = Debug|Any CPU
		{B51276B7-FE89-4B05-ACC3-32A74817593A}.Debug|Any CPU.Build.0 = Debug|Any CPU
		{B51276B7-FE89-4B05-ACC3-32A74817593A}.Release|Any CPU.ActiveCfg = Release|Any CPU
		{B51276B7-FE89-4B05-ACC3-32A74817593A}.Release|Any CPU.Build.0 = Release|Any CPU
		{46DE617B-65FC-460C-8F0D-B75B91D83F44}.Debug|Any CPU.ActiveCfg = Debug|Any CPU
		{46DE617B-65FC-460C-8F0D-B75B91D83F44}.Debug|Any CPU.Build.0 = Debug|Any CPU
		{46DE617B-65FC-460C-8F0D-B75B91D83F44}.Release|Any CPU.ActiveCfg = Release|Any CPU
		{46DE617B-65FC-460C-8F0D-B75B91D83F44}.Release|Any CPU.Build.0 = Release|Any CPU
	EndGlobalSection
	GlobalSection(SolutionProperties) = preSolution
		HideSolutionNode = FALSE
	EndGlobalSection
EndGlobal
